
Microsoft Visual Studio Solution File, Format Version 12.00
# Visual Studio Version 18
VisualStudioVersion = 18.6.11806.211 stable
MinimumVisualStudioVersion = 10.0.40219.1
Project("{FAE04EC0-301F-11D3-BF4B-00C04F79EFBC}") = "Nodos", "Practica1\Nodos.csproj", "{B1CD931D-0DF4-431D-BAD2-4B1DEBA630F9}"
EndProject
Global
	GlobalSection(SolutionConfigurationPlatforms) = preSolution
		Debug|Any CPU = Debug|Any CPU
		Release|Any CPU = Release|Any CPU
	EndGlobalSection
	GlobalSection(ProjectConfigurationPlatforms) = postSolution
		{B1CD931D-0DF4-431D-BAD2-4B1DEBA630F9}.Debug|Any CPU.ActiveCfg = Debug|Any CPU
		{B1CD931D-0DF4-431D-BAD2-4B1DEBA630F9}.Debug|Any CPU.Build.0 = Debug|Any CPU
		{B1CD931D-0DF4-431D-BAD2-4B1DEBA630F9}.Release|Any CPU.ActiveCfg = Release|Any CPU
		{B1CD931D-0DF4-431D-BAD2-4B1DEBA630F9}.Release|Any CPU.Build.0 = Release|Any CPU
	EndGlobalSection
	GlobalSection(SolutionProperties) = preSolution
		HideSolutionNode = FALSE
	EndGlobalSection
	GlobalSection(ExtensibilityGlobals) = postSolution
		SolutionGuid = {7E6BFC23-0D36-461A-9E2A-EFADC6C419B7}
	EndGlobalSection
EndGlobal
